
Microsoft Visual Studio Solution File, Format Version 12.00
# Visual Studio Version 17
VisualStudioVersion = 17.2.32616.157
MinimumVisualStudioVersion = 10.0.40219.1
Project("{FAE04EC0-301F-11D3-BF4B-00C04F79EFBC}") = "IntroToCSharp", "IntroToCSharp\IntroToCSharp.csproj", "{C403C07F-709E-4416-82A9-6046F439A56A}"
EndProject
Global
	GlobalSection(SolutionConfigurationPlatforms) = preSolution
		Debug|Any CPU = Debug|Any CPU
		Release|Any CPU = Release|Any CPU
	EndGlobalSection
	GlobalSection(ProjectConfigurationPlatforms) = postSolution
		{C403C07F-709E-4416-82A9-6046F439A56A}.Debug|Any CPU.ActiveCfg = Debug|Any CPU
		{C403C07F-709E-4416-82A9-6046F439A56A}.Debug|Any CPU.Build.0 = Debug|Any CPU
		{C403C07F-709E-4416-82A9-6046F439A56A}.Release|Any CPU.ActiveCfg = Release|Any CPU
		{C403C07F-709E-4416-82A9-6046F439A56A}.Release|Any CPU.Build.0 = Release|Any CPU
	EndGlobalSection
	GlobalSection(SolutionProperties) = preSolution
		HideSolutionNode = FALSE
	EndGlobalSection
	GlobalSection(ExtensibilityGlobals) = postSolution
		SolutionGuid = {473536DC-6C2B-45D2-9E11-21B859DAE7A9}
	EndGlobalSection
EndGlobal
